{
    "_readme": [
        "This file locks the dependencies of your project to a known state",
        "Read more about it at https://getcomposer.org/doc/01-basic-usage.md#installing-dependencies",
        "This file is @generated automatically"
    ],
    "content-hash": "74a97a594c6f8f831cb9202af4afb97a",
    "packages": [
        {
            "name": "components/jquery",
            "version": "v3.7.1",
            "source": {
                "type": "git",
                "url": "https://github.com/components/jquery.git",
                "reference": "8edc7785239bb8c2ad2b83302b856a1d61de60e7"
            },
            "dist": {
                "type": "zip",
                "url": "https://api.github.com/repos/components/jquery/zipball/8edc7785239bb8c2ad2b83302b856a1d61de60e7",
                "reference": "8edc7785239bb8c2ad2b83302b856a1d61de60e7",
                "shasum": ""
            },
            "type": "component",
            "extra": {
                "component": {
                    "scripts": [
                        "jquery.js"
                    ],
                    "files": [
                        "jquery.min.js",
                        "jquery.min.map",
                        "jquery.slim.js",
                        "jquery.slim.min.js",
                        "jquery.slim.min.map"
                    ]
                }
            },
            "notification-url": "https://packagist.org/downloads/",
            "license": [
                "MIT"
            ],
            "authors": [
                {
                    "name": "JS Foundation and other contributors"
                }
            ],
            "description": "jQuery JavaScript Library",
            "homepage": "http://jquery.com",
            "support": {
                "forum": "http://forum.jquery.com",
                "irc": "irc://irc.freenode.org/jquery",
                "issues": "https://github.com/jquery/jquery/issues",
                "source": "https://github.com/jquery/jquery",
                "wiki": "http://docs.jquery.com/"
            },
            "time": "2023-09-22T01:43:46+00:00"
        },
        {
            "name": "fortawesome/font-awesome",
            "version": "5.15.4",
            "source": {
                "type": "git",
                "url": "https://github.com/FortAwesome/Font-Awesome.git",
                "reference": "7d3d774145ac38663f6d1effc6def0334b68ab7e"
            },
            "dist": {
                "type": "zip",
                "url": "https://api.github.com/repos/FortAwesome/Font-Awesome/zipball/7d3d774145ac38663f6d1effc6def0334b68ab7e",
                "reference": "7d3d774145ac38663f6d1effc6def0334b68ab7e",
                "shasum": ""
            },
            "type": "library",
            "notification-url": "https://packagist.org/downloads/",
            "license": [
                "CC-BY-4.0",
                "OFL-1.1",
                "MIT"
            ],
            "authors": [
                {
                    "name": "Travis Chase",
                    "homepage": "http://twitter.com/supercodepoet"
                },
                {
                    "name": "Dave Gandy",
                    "homepage": "http://twitter.com/davegandy"
                },
                {
                    "name": "Rob Madole",
                    "homepage": "http://twitter.com/robmadole"
                },
                {
                    "name": "Jory Raphael",
                    "homepage": "http://twitter.com/sensibleworld"
                },
                {
                    "name": "Geremia Taglialatela",
                    "homepage": "http://twitter.com/gtagliala"
                },
                {
                    "name": "Brian Talbot",
                    "homepage": "http://twitter.com/talbs"
                },
                {
                    "name": "Mike Wilkerson",
                    "homepage": "http://twitter.com/mw77"
                }
            ],
            "description": "The iconic font, CSS, and SVG framework",
            "homepage": "https://fontawesome.com",
            "keywords": [
                "FontAwesome",
                "awesome",
                "bootstrap",
                "font",
                "icon",
                "svg"
            ],
            "support": {
                "docs": "http://fontawesome.com/how-to-use",
                "email": "hello@fontawesome.com",
                "issues": "https://github.com/FortAwesome/Font-Awesome/issues",
                "source": "https://github.com/FortAwesome/Font-Awesome"
            },
            "time": "2021-08-04T19:09:22+00:00"
        },
        {
            "name": "geshi/geshi",
            "version": "v1.0.9.1",
            "source": {
                "type": "git",
                "url": "https://github.com/GeSHi/geshi-1.0.git",
                "reference": "fd22ab78481bf90337862b590e6f7517863926b8"
            },
            "dist": {
                "type": "zip",
                "url": "https://api.github.com/repos/GeSHi/geshi-1.0/zipball/fd22ab78481bf90337862b590e6f7517863926b8",
                "reference": "fd22ab78481bf90337862b590e6f7517863926b8",
                "shasum": ""
            },
            "require-dev": {
                "phpunit/phpunit": "^5.7 || ^6.5 || ^7.5 || ^8.2"
            },
            "type": "library",
            "autoload": {
                "classmap": [
                    "src/geshi/",
                    "src/geshi.php"
                ]
            },
            "notification-url": "https://packagist.org/downloads/",
            "license": [
                "GPL-2.0+"
            ],
            "authors": [
                {
                    "name": "Benny Baumann",
                    "email": "BenBE@geshi.org",
                    "homepage": "http://blog.benny-baumann.de/",
                    "role": "Developer"
                }
            ],
            "description": "Generic Syntax Highlighter",
            "homepage": "http://qbnz.com/highlighter/",
            "support": {
                "forum": "https://lists.sourceforge.net/lists/listinfo/geshi-users",
                "irc": "irc://irc.freenode.org/geshi",
                "issues": "https://sourceforge.net/p/geshi/feature-requests/",
                "source": "https://github.com/GeSHi/geshi-1.0/tree/v1.0.9.1"
            },
            "time": "2019-10-20T20:54:46+00:00"
        },
        {
            "name": "mistralys/application-localization",
            "version": "1.4.1",
            "source": {
                "type": "git",
                "url": "https://github.com/Mistralys/application-localization.git",
                "reference": "ff0cce325c07a1999b1ddde567f4d133fc82ee82"
            },
            "dist": {
                "type": "zip",
                "url": "https://api.github.com/repos/Mistralys/application-localization/zipball/ff0cce325c07a1999b1ddde567f4d133fc82ee82",
                "reference": "ff0cce325c07a1999b1ddde567f4d133fc82ee82",
                "shasum": ""
            },
            "require": {
                "ext-json": "*",
                "ext-mbstring": "*",
                "mistralys/application-utils": ">=1.2.0",
                "mistralys/jtokenizer": ">=1.0.1",
                "php": ">=7.3"
            },
            "require-dev": {
                "phpstan/phpstan": "^0.12",
                "phpunit/phpunit": "8.2.5"
            },
            "type": "library",
            "autoload": {
                "files": [
                    "src/functions.php"
                ],
                "psr-4": {
                    "AppLocalize\\": "src/"
                },
                "classmap": [
                    "src/"
                ]
            },
            "notification-url": "https://packagist.org/downloads/",
            "license": [
                "GPL-3.0-or-later"
            ],
            "authors": [
                {
                    "name": "Sebastian Mordziol",
                    "email": "s.mordziol@mistralys.eu",
                    "role": "Lead"
                }
            ],
            "description": "PHP and Javascript localization library.",
            "support": {
                "issues": "https://github.com/Mistralys/application-localization/issues",
                "source": "https://github.com/Mistralys/application-localization/tree/1.4.1"
            },
            "time": "2021-08-10T11:40:20+00:00"
        },
        {
            "name": "mistralys/application-utils",
            "version": "2.5.0",
            "source": {
                "type": "git",
                "url": "https://github.com/Mistralys/application-utils.git",
                "reference": "d9b2fdc25580a428e49d3ffc00e5c1076ada0a09"
            },
            "dist": {
                "type": "zip",
                "url": "https://api.github.com/repos/Mistralys/application-utils/zipball/d9b2fdc25580a428e49d3ffc00e5c1076ada0a09",
                "reference": "d9b2fdc25580a428e49d3ffc00e5c1076ada0a09",
                "shasum": ""
            },
            "require": {
                "ext-curl": "*",
                "ext-dom": "*",
                "ext-gd": "*",
                "ext-json": "*",
                "ext-libxml": "*",
                "ext-mbstring": "*",
                "ext-simplexml": "*",
                "ext-zip": "*",
                "geshi/geshi": ">=1.0",
                "neitanod/forceutf8": ">=2.0.4",
                "parsecsv/php-parsecsv": ">=1.2",
                "php": ">=7.4",
                "symfony/polyfill-php80": ">=v1.27"
            },
            "require-dev": {
                "phpstan/phpstan": ">=1.10",
                "phpunit/phpunit": ">=9.6"
            },
            "suggest": {
                "mistralys/application-localization": "Required to translate available texts, from date related methods or file size labels for example."
            },
            "type": "library",
            "autoload": {
                "files": [
                    "src/functions.php",
                    "src/ImageHelper/ImageFunctions.php"
                ],
                "classmap": [
                    "src/"
                ]
            },
            "notification-url": "https://packagist.org/downloads/",
            "license": [
                "GPL-3.0-or-later"
            ],
            "authors": [
                {
                    "name": "Sebastian Mordziol",
                    "email": "s.mordziol@mistralys.eu",
                    "role": "Lead"
                }
            ],
            "description": "Drop-in utilities for PHP applications.",
            "support": {
                "issues": "https://github.com/Mistralys/application-utils/issues",
                "source": "https://github.com/Mistralys/application-utils/tree/2.5.0"
            },
            "time": "2023-10-05T14:56:48+00:00"
        },
        {
            "name": "mistralys/changelog-parser",
            "version": "1.0.2",
            "source": {
                "type": "git",
                "url": "https://github.com/Mistralys/changelog-parser.git",
                "reference": "0576433b5e26adeb368744ca1d1cd6d0b26a1580"
            },
            "dist": {
                "type": "zip",
                "url": "https://api.github.com/repos/Mistralys/changelog-parser/zipball/0576433b5e26adeb368744ca1d1cd6d0b26a1580",
                "reference": "0576433b5e26adeb368744ca1d1cd6d0b26a1580",
                "shasum": ""
            },
            "require": {
                "ext-json": "*",
                "mistralys/application-utils": ">=2.3.2",
                "mistralys/version-parser": ">=2.0",
                "php": ">=7.4"
            },
            "require-dev": {
                "phpstan/phpstan": ">=1.9.2",
                "phpstan/phpstan-phpunit": ">=1.3.11",
                "phpunit/phpunit": ">=9.5.26",
                "roave/security-advisories": "dev-latest"
            },
            "type": "library",
            "autoload": {
                "classmap": [
                    "src"
                ]
            },
            "notification-url": "https://packagist.org/downloads/",
            "license": [
                "MIT"
            ],
            "authors": [
                {
                    "name": "Sebastian Mordziol",
                    "email": "s.mordziol@mistralys.eu",
                    "role": "lead"
                }
            ],
            "description": "PHP library to parse Markdown-formatted change log files.",
            "support": {
                "issues": "https://github.com/Mistralys/changelog-parser/issues",
                "source": "https://github.com/Mistralys/changelog-parser/tree/1.0.2"
            },
            "time": "2023-10-17T08:07:48+00:00"
        },
        {
            "name": "mistralys/jtokenizer",
            "version": "1.0.1",
            "source": {
                "type": "git",
                "url": "https://github.com/Mistralys/jtokenizer.git",
                "reference": "e1cda4df1f56df5693290e9d71237c0d08e96f40"
            },
            "dist": {
                "type": "zip",
                "url": "https://api.github.com/repos/Mistralys/jtokenizer/zipball/e1cda4df1f56df5693290e9d71237c0d08e96f40",
                "reference": "e1cda4df1f56df5693290e9d71237c0d08e96f40",
                "shasum": ""
            },
            "require": {
                "php": ">=7.2"
            },
            "require-dev": {
                "phpstan/phpstan": ">=0.12",
                "phpunit/phpunit": ">=8.2.5"
            },
            "type": "library",
            "autoload": {
                "files": [
                    "src/Constants.php"
                ],
                "classmap": [
                    "src"
                ]
            },
            "notification-url": "https://packagist.org/downloads/",
            "license": [
                "MIT"
            ],
            "authors": [
                {
                    "name": "Tim Whitlock",
                    "homepage": "https://timwhitlock.info",
                    "role": "Lead developer"
                },
                {
                    "name": "Sebastian Mordziol",
                    "email": "s.mordziol@mistralys.eu",
                    "homepage": "https://mistralys.eu",
                    "role": "Contributor"
                }
            ],
            "description": "Modernized, composer compatible version of Tim Whitlock's JTokenizer PHP Javascript parser and tokenizer library.",
            "homepage": "https://github.com/Mistralys/jtokenizer",
            "support": {
                "issues": "https://github.com/Mistralys/jtokenizer/issues",
                "source": "https://github.com/Mistralys/jtokenizer/tree/1.0.1"
            },
            "time": "2021-03-12T08:55:11+00:00"
        },
        {
            "name": "mistralys/version-parser",
            "version": "2.1.1",
            "source": {
                "type": "git",
                "url": "https://github.com/Mistralys/version-parser.git",
                "reference": "6d0b87da1aecc11146299cf9b9f40d5a8d8d6ec8"
            },
            "dist": {
                "type": "zip",
                "url": "https://api.github.com/repos/Mistralys/version-parser/zipball/6d0b87da1aecc11146299cf9b9f40d5a8d8d6ec8",
                "reference": "6d0b87da1aecc11146299cf9b9f40d5a8d8d6ec8",
                "shasum": ""
            },
            "require": {
                "php": ">=7.4",
                "symfony/polyfill-php80": ">=v1.26.0"
            },
            "require-dev": {
                "phpstan/phpstan": ">=0.12",
                "phpunit/phpunit": ">=8.5"
            },
            "type": "library",
            "autoload": {
                "classmap": [
                    "src/"
                ]
            },
            "notification-url": "https://packagist.org/downloads/",
            "license": [
                "MIT"
            ],
            "authors": [
                {
                    "name": "Sebastian Mordziol",
                    "email": "s.mordziol@mistralys.eu",
                    "role": "Lead"
                }
            ],
            "description": "Class used to parse version numbers.",
            "support": {
                "issues": "https://github.com/Mistralys/version-parser/issues",
                "source": "https://github.com/Mistralys/version-parser/tree/2.1.1"
            },
            "time": "2023-12-19T07:17:05+00:00"
        },
        {
            "name": "mistralys/x4-core",
            "version": "dev-main",
            "source": {
                "type": "git",
                "url": "https://github.com/Mistralys/x4-core.git",
                "reference": "10cfb90c81fa3baf32e6325e9016041919ffb475"
            },
            "dist": {
                "type": "zip",
                "url": "https://api.github.com/repos/Mistralys/x4-core/zipball/10cfb90c81fa3baf32e6325e9016041919ffb475",
                "reference": "10cfb90c81fa3baf32e6325e9016041919ffb475",
                "shasum": ""
            },
            "require": {
                "components/jquery": "^3.5.1",
                "ext-dom": "*",
                "ext-json": "*",
                "ext-mbstring": "*",
                "ext-simplexml": "*",
                "fortawesome/font-awesome": "^5.15.3",
                "mistralys/application-localization": "^1.4.1",
                "mistralys/application-utils": "^2.3.2",
                "php": "^7.4",
                "thomaspark/bootswatch": "^v5.1.3",
                "twbs/bootstrap": "^v5.1.3"
            },
            "require-dev": {
                "phpstan/phpstan": ">=1.6.1",
                "phpunit/phpunit": ">=9.5.20",
                "roave/security-advisories": "dev-latest"
            },
            "default-branch": true,
            "type": "library",
            "autoload": {
                "classmap": [
                    "src"
                ]
            },
            "notification-url": "https://packagist.org/downloads/",
            "license": [
                "MIT"
            ],
            "authors": [
                {
                    "name": "Sebastian Mordziol",
                    "email": "s.mordziol@mistralys.eu"
                }
            ],
            "description": "Core files for all X4 tools.",
            "support": {
                "issues": "https://github.com/Mistralys/x4-core/issues",
                "source": "https://github.com/Mistralys/x4-core/tree/main"
            },
            "time": "2024-05-02T17:59:13+00:00"
        },
        {
            "name": "neitanod/forceutf8",
            "version": "v2.0.4",
            "source": {
                "type": "git",
                "url": "https://github.com/neitanod/forceutf8.git",
                "reference": "c1fbe70bfb5ad41b8ec5785056b0e308b40d4831"
            },
            "dist": {
                "type": "zip",
                "url": "https://api.github.com/repos/neitanod/forceutf8/zipball/c1fbe70bfb5ad41b8ec5785056b0e308b40d4831",
                "reference": "c1fbe70bfb5ad41b8ec5785056b0e308b40d4831",
                "shasum": ""
            },
            "require": {
                "php": ">=5.3.0"
            },
            "type": "library",
            "autoload": {
                "psr-0": {
                    "ForceUTF8\\": "src/"
                }
            },
            "notification-url": "https://packagist.org/downloads/",
            "license": [
                "BSD-3-Clause"
            ],
            "authors": [
                {
                    "name": "Sebastián Grignoli",
                    "email": "grignoli@gmail.com"
                }
            ],
            "description": "PHP Class Encoding featuring popular Encoding::toUTF8() function --formerly known as forceUTF8()-- that fixes mixed encoded strings.",
            "homepage": "https://github.com/neitanod/forceutf8",
            "support": {
                "issues": "https://github.com/neitanod/forceutf8/issues",
                "source": "https://github.com/neitanod/forceutf8/tree/master"
            },
            "time": "2019-12-10T14:09:14+00:00"
        },
        {
            "name": "parsecsv/php-parsecsv",
            "version": "1.3.2",
            "source": {
                "type": "git",
                "url": "https://github.com/parsecsv/parsecsv-for-php.git",
                "reference": "2d6236cae09133e0533d34ed45ba1e1ecafffebb"
            },
            "dist": {
                "type": "zip",
                "url": "https://api.github.com/repos/parsecsv/parsecsv-for-php/zipball/2d6236cae09133e0533d34ed45ba1e1ecafffebb",
                "reference": "2d6236cae09133e0533d34ed45ba1e1ecafffebb",
                "shasum": ""
            },
            "require": {
                "php": ">=5.5"
            },
            "require-dev": {
                "phpunit/phpunit": "^6",
                "squizlabs/php_codesniffer": "^3.5"
            },
            "suggest": {
                "illuminate/support": "Fluent array interface for map functions"
            },
            "type": "library",
            "extra": {
                "branch-alias": {
                    "dev-master": "1.0.x-dev"
                }
            },
            "autoload": {
                "psr-4": {
                    "ParseCsv\\": "src"
                }
            },
            "notification-url": "https://packagist.org/downloads/",
            "license": [
                "MIT"
            ],
            "authors": [
                {
                    "name": "Jim Myhrberg",
                    "email": "contact@jimeh.me"
                },
                {
                    "name": "William Knauss",
                    "email": "will.knauss@gmail.com"
                },
                {
                    "name": "Susann Sgorzaly",
                    "homepage": "https://github.com/susgo"
                },
                {
                    "name": "Christian Bläul",
                    "homepage": "https://github.com/Fonata"
                }
            ],
            "description": "CSV data parser for PHP",
            "support": {
                "issues": "https://github.com/parsecsv/parsecsv-for-php/issues",
                "source": "https://github.com/parsecsv/parsecsv-for-php"
            },
            "time": "2021-11-07T14:15:46+00:00"
        },
        {
            "name": "symfony/polyfill-php80",
            "version": "v1.29.0",
            "source": {
                "type": "git",
                "url": "https://github.com/symfony/polyfill-php80.git",
                "reference": "87b68208d5c1188808dd7839ee1e6c8ec3b02f1b"
            },
            "dist": {
                "type": "zip",
                "url": "https://api.github.com/repos/symfony/polyfill-php80/zipball/87b68208d5c1188808dd7839ee1e6c8ec3b02f1b",
                "reference": "87b68208d5c1188808dd7839ee1e6c8ec3b02f1b",
                "shasum": ""
            },
            "require": {
                "php": ">=7.1"
            },
            "type": "library",
            "extra": {
                "thanks": {
                    "name": "symfony/polyfill",
                    "url": "https://github.com/symfony/polyfill"
                }
            },
            "autoload": {
                "files": [
                    "bootstrap.php"
                ],
                "psr-4": {
                    "Symfony\\Polyfill\\Php80\\": ""
                },
                "classmap": [
                    "Resources/stubs"
                ]
            },
            "notification-url": "https://packagist.org/downloads/",
            "license": [
                "MIT"
            ],
            "authors": [
                {
                    "name": "Ion Bazan",
                    "email": "ion.bazan@gmail.com"
                },
                {
                    "name": "Nicolas Grekas",
                    "email": "p@tchwork.com"
                },
                {
                    "name": "Symfony Community",
                    "homepage": "https://symfony.com/contributors"
                }
            ],
            "description": "Symfony polyfill backporting some PHP 8.0+ features to lower PHP versions",
            "homepage": "https://symfony.com",
            "keywords": [
                "compatibility",
                "polyfill",
                "portable",
                "shim"
            ],
            "support": {
                "source": "https://github.com/symfony/polyfill-php80/tree/v1.29.0"
            },
            "funding": [
                {
                    "url": "https://symfony.com/sponsor",
                    "type": "custom"
                },
                {
                    "url": "https://github.com/fabpot",
                    "type": "github"
                },
                {
                    "url": "https://tidelift.com/funding/github/packagist/symfony/symfony",
                    "type": "tidelift"
                }
            ],
            "time": "2024-01-29T20:11:03+00:00"
        },
        {
            "name": "thomaspark/bootswatch",
            "version": "v5.3.3",
            "source": {
                "type": "git",
                "url": "https://github.com/thomaspark/bootswatch.git",
                "reference": "646c94da2c262473c6f73664f4547c046f3a28dd"
            },
            "dist": {
                "type": "zip",
                "url": "https://api.github.com/repos/thomaspark/bootswatch/zipball/646c94da2c262473c6f73664f4547c046f3a28dd",
                "reference": "646c94da2c262473c6f73664f4547c046f3a28dd",
                "shasum": ""
            },
            "suggest": {
                "robloach/component-installer": "Allows installation of Components via Composer"
            },
            "type": "component",
            "extra": {
                "component": {
                    "name": "bootswatch",
                    "files": [
                        "README.md",
                        "LICENSE",
                        "dist/**/*"
                    ]
                }
            },
            "notification-url": "https://packagist.org/downloads/",
            "license": [
                "MIT"
            ],
            "authors": [
                {
                    "name": "thomaspark",
                    "email": "thomas@bootswatch.com"
                }
            ],
            "description": "Themes for Bootstrap",
            "support": {
                "issues": "https://github.com/thomaspark/bootswatch/issues",
                "source": "https://github.com/thomaspark/bootswatch/tree/v5.3.3"
            },
            "time": "2024-02-28T15:00:55+00:00"
        },
        {
            "name": "twbs/bootstrap",
            "version": "v5.3.3",
            "source": {
                "type": "git",
                "url": "https://github.com/twbs/bootstrap.git",
                "reference": "6e1f75f420f68e1d52733b8e407fc7c3766c9dba"
            },
            "dist": {
                "type": "zip",
                "url": "https://api.github.com/repos/twbs/bootstrap/zipball/6e1f75f420f68e1d52733b8e407fc7c3766c9dba",
                "reference": "6e1f75f420f68e1d52733b8e407fc7c3766c9dba",
                "shasum": ""
            },
            "replace": {
                "twitter/bootstrap": "self.version"
            },
            "type": "library",
            "notification-url": "https://packagist.org/downloads/",
            "license": [
                "MIT"
            ],
            "authors": [
                {
                    "name": "Mark Otto",
                    "email": "markdotto@gmail.com"
                },
                {
                    "name": "Jacob Thornton",
                    "email": "jacobthornton@gmail.com"
                }
            ],
            "description": "The most popular front-end framework for developing responsive, mobile first projects on the web.",
            "homepage": "https://getbootstrap.com/",
            "keywords": [
                "JS",
                "css",
                "framework",
                "front-end",
                "mobile-first",
                "responsive",
                "sass",
                "web"
            ],
            "support": {
                "issues": "https://github.com/twbs/bootstrap/issues",
                "source": "https://github.com/twbs/bootstrap/tree/v5.3.3"
            },
            "time": "2024-02-20T15:14:29+00:00"
        }
    ],
    "packages-dev": [],
    "aliases": [],
    "minimum-stability": "dev",
    "stability-flags": {
        "mistralys/x4-core": 20
    },
    "prefer-stable": true,
    "prefer-lowest": false,
    "platform": [],
    "platform-dev": [],
    "plugin-api-version": "2.6.0"
}
